# THIS IS AN AUTOGENERATED FILE. DO NOT EDIT THIS FILE DIRECTLY.
# yarn lockfile v1


"@babel/helper-string-parser@^7.27.1":
  "integrity" "sha512-qMlSxKbpRlAridDExk92nSobyDdpPijUq2DW6oDnUqd0iOGxmQjyqhMIihI9+zv4LPyZdRje2cavWPbCbWm3eA=="
  "resolved" "https://registry.npmmirror.com/@babel/helper-string-parser/-/helper-string-parser-7.27.1.tgz"
  "version" "7.27.1"

"@babel/helper-validator-identifier@^7.27.1":
  "integrity" "sha512-D2hP9eA+Sqx1kBZgzxZh0y1trbuU+JoDkiEwqhQ36nodYqJwyEIhPSdMNd7lOm/4io72luTPWH20Yda0xOuUow=="
  "resolved" "https://registry.npmmirror.com/@babel/helper-validator-identifier/-/helper-validator-identifier-7.27.1.tgz"
  "version" "7.27.1"

"@babel/parser@^7.25.3":
  "integrity" "sha512-QYLs8299NA7WM/bZAdp+CviYYkVoYXlDW2rzliy3chxd1PQjej7JORuMJDJXJUb9g0TT+B99EwaVLKmX+sPXWw=="
  "resolved" "https://registry.npmmirror.com/@babel/parser/-/parser-7.27.2.tgz"
  "version" "7.27.2"
  dependencies:
    "@babel/types" "^7.27.1"

"@babel/types@^7.27.1":
  "integrity" "sha512-+EzkxvLNfiUeKMgy/3luqfsCWFRXLb7U6wNQTk60tovuckwB15B191tJWvpp4HjiQWdJkCxO3Wbvc6jlk3Xb2Q=="
  "resolved" "https://registry.npmmirror.com/@babel/types/-/types-7.27.1.tgz"
  "version" "7.27.1"
  dependencies:
    "@babel/helper-string-parser" "^7.27.1"
    "@babel/helper-validator-identifier" "^7.27.1"

"@esbuild/win32-x64@0.25.4":
  "integrity" "sha512-nOT2vZNw6hJ+z43oP1SPea/G/6AbN6X+bGNhNuq8NtRHy4wsMhw765IKLNmnjek7GvjWBYQ8Q5VBoYTFg9y1UQ=="
  "resolved" "https://registry.npmmirror.com/@esbuild/win32-x64/-/win32-x64-0.25.4.tgz"
  "version" "0.25.4"

"@jridgewell/sourcemap-codec@^1.5.0":
  "integrity" "sha512-gv3ZRaISU3fjPAgNsriBRqGWQL6quFx04YMPW/zD8XMLsU32mhCCbfbO6KZFLjvYpCZ8zyDEgqsgf+PwPaM7GQ=="
  "resolved" "https://registry.npmmirror.com/@jridgewell/sourcemap-codec/-/sourcemap-codec-1.5.0.tgz"
  "version" "1.5.0"

"@rollup/rollup-win32-x64-msvc@4.40.2":
  "integrity" "sha512-bwspbWB04XJpeElvsp+DCylKfF4trJDa2Y9Go8O6A7YLX2LIKGcNK/CYImJN6ZP4DcuOHB4Utl3iCbnR62DudA=="
  "resolved" "https://registry.npmmirror.com/@rollup/rollup-win32-x64-msvc/-/rollup-win32-x64-msvc-4.40.2.tgz"
  "version" "4.40.2"

"@types/estree@1.0.7":
  "integrity" "sha512-w28IoSUCJpidD/TGviZwwMJckNESJZXFu7NBZ5YJ4mEUnNraUn9Pm8HSZm/jDF1pDWYKspWE7oVphigUPRakIQ=="
  "resolved" "https://registry.npmmirror.com/@types/estree/-/estree-1.0.7.tgz"
  "version" "1.0.7"

"@vitejs/plugin-vue@^5.2.3":
  "integrity" "sha512-7Yx/SXSOcQq5HiiV3orevHUFn+pmMB4cgbEkDYgnkUWb0WfeQ/wa2yFv6D5ICiCQOVpjA7vYDXrC7AGO8yjDHA=="
  "resolved" "https://registry.npmmirror.com/@vitejs/plugin-vue/-/plugin-vue-5.2.4.tgz"
  "version" "5.2.4"

"@vue/compiler-core@3.5.13":
  "integrity" "sha512-oOdAkwqUfW1WqpwSYJce06wvt6HljgY3fGeM9NcVA1HaYOij3mZG9Rkysn0OHuyUAGMbEbARIpsG+LPVlBJ5/Q=="
  "resolved" "https://registry.npmmirror.com/@vue/compiler-core/-/compiler-core-3.5.13.tgz"
  "version" "3.5.13"
  dependencies:
    "@babel/parser" "^7.25.3"
    "@vue/shared" "3.5.13"
    "entities" "^4.5.0"
    "estree-walker" "^2.0.2"
    "source-map-js" "^1.2.0"

"@vue/compiler-dom@3.5.13":
  "integrity" "sha512-ZOJ46sMOKUjO3e94wPdCzQ6P1Lx/vhp2RSvfaab88Ajexs0AHeV0uasYhi99WPaogmBlRHNRuly8xV75cNTMDA=="
  "resolved" "https://registry.npmmirror.com/@vue/compiler-dom/-/compiler-dom-3.5.13.tgz"
  "version" "3.5.13"
  dependencies:
    "@vue/compiler-core" "3.5.13"
    "@vue/shared" "3.5.13"

"@vue/compiler-sfc@3.5.13":
  "integrity" "sha512-6VdaljMpD82w6c2749Zhf5T9u5uLBWKnVue6XWxprDobftnletJ8+oel7sexFfM3qIxNmVE7LSFGTpv6obNyaQ=="
  "resolved" "https://registry.npmmirror.com/@vue/compiler-sfc/-/compiler-sfc-3.5.13.tgz"
  "version" "3.5.13"
  dependencies:
    "@babel/parser" "^7.25.3"
    "@vue/compiler-core" "3.5.13"
    "@vue/compiler-dom" "3.5.13"
    "@vue/compiler-ssr" "3.5.13"
    "@vue/shared" "3.5.13"
    "estree-walker" "^2.0.2"
    "magic-string" "^0.30.11"
    "postcss" "^8.4.48"
    "source-map-js" "^1.2.0"

"@vue/compiler-ssr@3.5.13":
  "integrity" "sha512-wMH6vrYHxQl/IybKJagqbquvxpWCuVYpoUJfCqFZwa/JY1GdATAQ+TgVtgrwwMZ0D07QhA99rs/EAAWfvG6KpA=="
  "resolved" "https://registry.npmmirror.com/@vue/compiler-ssr/-/compiler-ssr-3.5.13.tgz"
  "version" "3.5.13"
  dependencies:
    "@vue/compiler-dom" "3.5.13"
    "@vue/shared" "3.5.13"

"@vue/devtools-api@^6.6.4":
  "integrity" "sha512-sGhTPMuXqZ1rVOk32RylztWkfXTRhuS7vgAKv0zjqk8gbsHkJ7xfFf+jbySxt7tWObEJwyKaHMikV/WGDiQm8g=="
  "resolved" "https://registry.npmmirror.com/@vue/devtools-api/-/devtools-api-6.6.4.tgz"
  "version" "6.6.4"

"@vue/reactivity@3.5.13":
  "integrity" "sha512-NaCwtw8o48B9I6L1zl2p41OHo/2Z4wqYGGIK1Khu5T7yxrn+ATOixn/Udn2m+6kZKB/J7cuT9DbWWhRxqixACg=="
  "resolved" "https://registry.npmmirror.com/@vue/reactivity/-/reactivity-3.5.13.tgz"
  "version" "3.5.13"
  dependencies:
    "@vue/shared" "3.5.13"

"@vue/runtime-core@3.5.13":
  "integrity" "sha512-Fj4YRQ3Az0WTZw1sFe+QDb0aXCerigEpw418pw1HBUKFtnQHWzwojaukAs2X/c9DQz4MQ4bsXTGlcpGxU/RCIw=="
  "resolved" "https://registry.npmmirror.com/@vue/runtime-core/-/runtime-core-3.5.13.tgz"
  "version" "3.5.13"
  dependencies:
    "@vue/reactivity" "3.5.13"
    "@vue/shared" "3.5.13"

"@vue/runtime-dom@3.5.13":
  "integrity" "sha512-dLaj94s93NYLqjLiyFzVs9X6dWhTdAlEAciC3Moq7gzAc13VJUdCnjjRurNM6uTLFATRHexHCTu/Xp3eW6yoog=="
  "resolved" "https://registry.npmmirror.com/@vue/runtime-dom/-/runtime-dom-3.5.13.tgz"
  "version" "3.5.13"
  dependencies:
    "@vue/reactivity" "3.5.13"
    "@vue/runtime-core" "3.5.13"
    "@vue/shared" "3.5.13"
    "csstype" "^3.1.3"

"@vue/server-renderer@3.5.13":
  "integrity" "sha512-wAi4IRJV/2SAW3htkTlB+dHeRmpTiVIK1OGLWV1yeStVSebSQQOwGwIq0D3ZIoBj2C2qpgz5+vX9iEBkTdk5YA=="
  "resolved" "https://registry.npmmirror.com/@vue/server-renderer/-/server-renderer-3.5.13.tgz"
  "version" "3.5.13"
  dependencies:
    "@vue/compiler-ssr" "3.5.13"
    "@vue/shared" "3.5.13"

"@vue/shared@3.5.13":
  "integrity" "sha512-/hnE/qP5ZoGpol0a5mDi45bOd7t3tjYJBjsgCsivow7D48cJeV5l05RD82lPqi7gRiphZM37rnhW1l6ZoCNNnQ=="
  "resolved" "https://registry.npmmirror.com/@vue/shared/-/shared-3.5.13.tgz"
  "version" "3.5.13"

"csstype@^3.1.3":
  "integrity" "sha512-M1uQkMl8rQK/szD0LNhtqxIPLpimGm8sOBwU7lLnCpSbTyY3yeU1Vc7l4KT5zT4s/yOxHH5O7tIuuLOCnLADRw=="
  "resolved" "https://registry.npmmirror.com/csstype/-/csstype-3.1.3.tgz"
  "version" "3.1.3"

"entities@^4.5.0":
  "integrity" "sha512-V0hjH4dGPh9Ao5p0MoRY6BVqtwCjhz6vI5LT8AJ55H+4g9/4vbHx1I54fS0XuclLhDHArPQCiMjDxjaL8fPxhw=="
  "resolved" "https://registry.npmmirror.com/entities/-/entities-4.5.0.tgz"
  "version" "4.5.0"

"esbuild@^0.25.0":
  "integrity" "sha512-8pgjLUcUjcgDg+2Q4NYXnPbo/vncAY4UmyaCm0jZevERqCHZIaWwdJHkf8XQtu4AxSKCdvrUbT0XUr1IdZzI8Q=="
  "resolved" "https://registry.npmmirror.com/esbuild/-/esbuild-0.25.4.tgz"
  "version" "0.25.4"
  optionalDependencies:
    "@esbuild/aix-ppc64" "0.25.4"
    "@esbuild/android-arm" "0.25.4"
    "@esbuild/android-arm64" "0.25.4"
    "@esbuild/android-x64" "0.25.4"
    "@esbuild/darwin-arm64" "0.25.4"
    "@esbuild/darwin-x64" "0.25.4"
    "@esbuild/freebsd-arm64" "0.25.4"
    "@esbuild/freebsd-x64" "0.25.4"
    "@esbuild/linux-arm" "0.25.4"
    "@esbuild/linux-arm64" "0.25.4"
    "@esbuild/linux-ia32" "0.25.4"
    "@esbuild/linux-loong64" "0.25.4"
    "@esbuild/linux-mips64el" "0.25.4"
    "@esbuild/linux-ppc64" "0.25.4"
    "@esbuild/linux-riscv64" "0.25.4"
    "@esbuild/linux-s390x" "0.25.4"
    "@esbuild/linux-x64" "0.25.4"
    "@esbuild/netbsd-arm64" "0.25.4"
    "@esbuild/netbsd-x64" "0.25.4"
    "@esbuild/openbsd-arm64" "0.25.4"
    "@esbuild/openbsd-x64" "0.25.4"
    "@esbuild/sunos-x64" "0.25.4"
    "@esbuild/win32-arm64" "0.25.4"
    "@esbuild/win32-ia32" "0.25.4"
    "@esbuild/win32-x64" "0.25.4"

"estree-walker@^2.0.2":
  "integrity" "sha512-Rfkk/Mp/DL7JVje3u18FxFujQlTNR2q6QfMSMB7AvCBx91NGj/ba3kCfza0f6dVDbw7YlRf/nDrn7pQrCCyQ/w=="
  "resolved" "https://registry.npmmirror.com/estree-walker/-/estree-walker-2.0.2.tgz"
  "version" "2.0.2"

"fdir@^6.4.4":
  "integrity" "sha512-1NZP+GK4GfuAv3PqKvxQRDMjdSRZjnkq7KfhlNrCNNlZ0ygQFpebfrnfnq/W7fpUnAv9aGWmY1zKx7FYL3gwhg=="
  "resolved" "https://registry.npmmirror.com/fdir/-/fdir-6.4.4.tgz"
  "version" "6.4.4"

"magic-string@^0.30.11":
  "integrity" "sha512-sNPKHvyjVf7gyjwS4xGTaW/mCnF8wnjtifKBEhxfZ7E/S8tQ0rssrwGNn6q8JH/ohItJfSQp9mBtQYuTlH5QnA=="
  "resolved" "https://registry.npmmirror.com/magic-string/-/magic-string-0.30.17.tgz"
  "version" "0.30.17"
  dependencies:
    "@jridgewell/sourcemap-codec" "^1.5.0"

"nanoid@^3.3.8":
  "integrity" "sha512-N8SpfPUnUp1bK+PMYW8qSWdl9U+wwNWI4QKxOYDy9JAro3WMX7p2OeVRF9v+347pnakNevPmiHhNmZ2HbFA76w=="
  "resolved" "https://registry.npmmirror.com/nanoid/-/nanoid-3.3.11.tgz"
  "version" "3.3.11"

"picocolors@^1.1.1":
  "integrity" "sha512-xceH2snhtb5M9liqDsmEw56le376mTZkEX/jEb/RxNFyegNul7eNslCXP9FDj/Lcu0X8KEyMceP2ntpaHrDEVA=="
  "resolved" "https://registry.npmmirror.com/picocolors/-/picocolors-1.1.1.tgz"
  "version" "1.1.1"

"picomatch@^3 || ^4", "picomatch@^4.0.2":
  "integrity" "sha512-M7BAV6Rlcy5u+m6oPhAPFgJTzAioX/6B0DxyvDlo9l8+T3nLKbrczg2WLUyzd45L8RqfUMyGPzekbMvX2Ldkwg=="
  "resolved" "https://registry.npmmirror.com/picomatch/-/picomatch-4.0.2.tgz"
  "version" "4.0.2"

"postcss@^8.4.48", "postcss@^8.5.3":
  "integrity" "sha512-dle9A3yYxlBSrt8Fu+IpjGT8SY8hN0mlaA6GY8t0P5PjIOZemULz/E2Bnm/2dcUOena75OTNkHI76uZBNUUq3A=="
  "resolved" "https://registry.npmmirror.com/postcss/-/postcss-8.5.3.tgz"
  "version" "8.5.3"
  dependencies:
    "nanoid" "^3.3.8"
    "picocolors" "^1.1.1"
    "source-map-js" "^1.2.1"

"rollup@^4.34.9":
  "integrity" "sha512-tfUOg6DTP4rhQ3VjOO6B4wyrJnGOX85requAXvqYTHsOgb2TFJdZ3aWpT8W2kPoypSGP7dZUyzxJ9ee4buM5Fg=="
  "resolved" "https://registry.npmmirror.com/rollup/-/rollup-4.40.2.tgz"
  "version" "4.40.2"
  dependencies:
    "@types/estree" "1.0.7"
  optionalDependencies:
    "@rollup/rollup-android-arm-eabi" "4.40.2"
    "@rollup/rollup-android-arm64" "4.40.2"
    "@rollup/rollup-darwin-arm64" "4.40.2"
    "@rollup/rollup-darwin-x64" "4.40.2"
    "@rollup/rollup-freebsd-arm64" "4.40.2"
    "@rollup/rollup-freebsd-x64" "4.40.2"
    "@rollup/rollup-linux-arm-gnueabihf" "4.40.2"
    "@rollup/rollup-linux-arm-musleabihf" "4.40.2"
    "@rollup/rollup-linux-arm64-gnu" "4.40.2"
    "@rollup/rollup-linux-arm64-musl" "4.40.2"
    "@rollup/rollup-linux-loongarch64-gnu" "4.40.2"
    "@rollup/rollup-linux-powerpc64le-gnu" "4.40.2"
    "@rollup/rollup-linux-riscv64-gnu" "4.40.2"
    "@rollup/rollup-linux-riscv64-musl" "4.40.2"
    "@rollup/rollup-linux-s390x-gnu" "4.40.2"
    "@rollup/rollup-linux-x64-gnu" "4.40.2"
    "@rollup/rollup-linux-x64-musl" "4.40.2"
    "@rollup/rollup-win32-arm64-msvc" "4.40.2"
    "@rollup/rollup-win32-ia32-msvc" "4.40.2"
    "@rollup/rollup-win32-x64-msvc" "4.40.2"
    "fsevents" "~2.3.2"

"source-map-js@^1.2.0", "source-map-js@^1.2.1":
  "integrity" "sha512-UXWMKhLOwVKb728IUtQPXxfYU+usdybtUrK/8uGE8CQMvrhOpwvzDBwj0QhSL7MQc7vIsISBG8VQ8+IDQxpfQA=="
  "resolved" "https://registry.npmmirror.com/source-map-js/-/source-map-js-1.2.1.tgz"
  "version" "1.2.1"

"three@^0.176.0":
  "integrity" "sha512-PWRKYWQo23ojf9oZSlRGH8K09q7nRSWx6LY/HF/UUrMdYgN9i1e2OwJYHoQjwc6HF/4lvvYLC5YC1X8UJL2ZpA=="
  "resolved" "https://registry.npmmirror.com/three/-/three-0.176.0.tgz"
  "version" "0.176.0"

"tinyglobby@^0.2.13":
  "integrity" "sha512-mEwzpUgrLySlveBwEVDMKk5B57bhLPYovRfPAXD5gA/98Opn0rCDj3GtLwFvCvH5RK9uPCExUROW5NjDwvqkxw=="
  "resolved" "https://registry.npmmirror.com/tinyglobby/-/tinyglobby-0.2.13.tgz"
  "version" "0.2.13"
  dependencies:
    "fdir" "^6.4.4"
    "picomatch" "^4.0.2"

"vite@^5.0.0 || ^6.0.0", "vite@^6.3.5":
  "integrity" "sha512-cZn6NDFE7wdTpINgs++ZJ4N49W2vRp8LCKrn3Ob1kYNtOo21vfDoaV5GzBfLU4MovSAB8uNRm4jgzVQZ+mBzPQ=="
  "resolved" "https://registry.npmmirror.com/vite/-/vite-6.3.5.tgz"
  "version" "6.3.5"
  dependencies:
    "esbuild" "^0.25.0"
    "fdir" "^6.4.4"
    "picomatch" "^4.0.2"
    "postcss" "^8.5.3"
    "rollup" "^4.34.9"
    "tinyglobby" "^0.2.13"
  optionalDependencies:
    "fsevents" "~2.3.3"

"vue-router@^4.5.1":
  "integrity" "sha512-ogAF3P97NPm8fJsE4by9dwSYtDwXIY1nFY9T6DyQnGHd1E2Da94w9JIolpe42LJGIl0DwOHBi8TcRPlPGwbTtw=="
  "resolved" "https://registry.npmmirror.com/vue-router/-/vue-router-4.5.1.tgz"
  "version" "4.5.1"
  dependencies:
    "@vue/devtools-api" "^6.6.4"

"vue@^3.2.0", "vue@^3.2.25", "vue@^3.5.13", "vue@3.5.13":
  "integrity" "sha512-wmeiSMxkZCSc+PM2w2VRsOYAZC8GdipNFRTsLSfodVqI9mbejKeXEGr8SckuLnrQPGe3oJN5c3K0vpoU9q/wCQ=="
  "resolved" "https://registry.npmmirror.com/vue/-/vue-3.5.13.tgz"
  "version" "3.5.13"
  dependencies:
    "@vue/compiler-dom" "3.5.13"
    "@vue/compiler-sfc" "3.5.13"
    "@vue/runtime-dom" "3.5.13"
    "@vue/server-renderer" "3.5.13"
    "@vue/shared" "3.5.13"
